# -------------------------------------------------------------------------- #
#
# Copyright (C) 1991-2015 Altera Corporation. All rights reserved.
# Your use of Altera Corporation's design tools, logic functions 
# and other software and tools, and its AMPP partner logic 
# functions, and any output files from any of the foregoing 
# (including device programming or simulation files), and any 
# associated documentation or information are expressly subject 
# to the terms and conditions of the Altera Program License 
# Subscription Agreement, the Altera Quartus II License Agreement,
# the Altera MegaCore Function License Agreement, or other 
# applicable license agreement, including, without limitation, 
# that your use is for the sole purpose of programming logic 
# devices manufactured by Altera and sold by Altera or its 
# authorized distributors.  Please refer to the applicable 
# agreement for further details.
#
# -------------------------------------------------------------------------- #
#
# Quartus II 64-Bit
# Version 15.0.0 Build 145 04/22/2015 SJ Web Edition
# Date created = 14:57:56  June 05, 2015
#
# -------------------------------------------------------------------------- #
#
# Notes:
#
# 1) The default values for assignments are stored in the file:
#		PRJ_TOP_assignment_defaults.qdf
#    If this file doesn't exist, see file:
#		assignment_defaults.qdf
#
# 2) Altera recommends that you do not modify this file. This
#    file is updated automatically by the Quartus II software
#    and any changes you make may be lost or overwritten.
#
# -------------------------------------------------------------------------- #


set_global_assignment -name FAMILY "MAX 10"
set_global_assignment -name DEVICE 10M04SCE144C8G
set_global_assignment -name TOP_LEVEL_ENTITY PRJ_TOP
set_global_assignment -name ORIGINAL_QUARTUS_VERSION 15.0.0
set_global_assignment -name PROJECT_CREATION_TIME_DATE "14:57:56  JUNE 05, 2015"
set_global_assignment -name LAST_QUARTUS_VERSION 16.0.0
set_global_assignment -name PROJECT_OUTPUT_DIRECTORY output_files
set_global_assignment -name MIN_CORE_JUNCTION_TEMP 0
set_global_assignment -name MAX_CORE_JUNCTION_TEMP 85
set_global_assignment -name DEVICE_FILTER_PACKAGE EQFP
set_global_assignment -name DEVICE_FILTER_PIN_COUNT 144
set_global_assignment -name DEVICE_FILTER_SPEED_GRADE 8
set_global_assignment -name ERROR_CHECK_FREQUENCY_DIVISOR 256
set_global_assignment -name EDA_SIMULATION_TOOL "ModelSim-Altera (VHDL)"
set_global_assignment -name EDA_OUTPUT_DATA_FORMAT VHDL -section_id eda_simulation
set_global_assignment -name POWER_PRESET_COOLING_SOLUTION "23 MM HEAT SINK WITH 200 LFPM AIRFLOW"
set_global_assignment -name POWER_BOARD_THERMAL_MODEL "NONE (CONSERVATIVE)"
set_global_assignment -name FLOW_ENABLE_POWER_ANALYZER ON
set_global_assignment -name POWER_DEFAULT_INPUT_IO_TOGGLE_RATE "12.5 %"




set_location_assignment PIN_106 -to dvi_clock_n
set_location_assignment PIN_105 -to dvi_clock_p
set_location_assignment PIN_102 -to dvi_data0_n
set_location_assignment PIN_100 -to dvi_data0_p
set_location_assignment PIN_119 -to dvi_data1_n
set_location_assignment PIN_118 -to dvi_data1_p
set_location_assignment PIN_111 -to dvi_data2_n
set_location_assignment PIN_110 -to dvi_data2_p
set_location_assignment PIN_90 -to clk_in

# SDRAM
##set_location_assignment PIN_77 -to SDRAM_ADDR[12]
set_location_assignment PIN_86 -to SDRAM_ADDR[5]
set_location_assignment PIN_87 -to SDRAM_ADDR[4]
set_location_assignment PIN_84 -to SDRAM_ADDR[7]
set_location_assignment PIN_85 -to SDRAM_ADDR[6]
set_location_assignment PIN_81 -to SDRAM_ADDR[8]
set_location_assignment PIN_78 -to SDRAM_ADDR[11]
set_location_assignment PIN_79 -to SDRAM_ADDR[9]
set_location_assignment PIN_74 -to SDRAM_ADDR[3]
set_location_assignment PIN_70 -to SDRAM_ADDR[2]
set_location_assignment PIN_69 -to SDRAM_ADDR[1]
set_location_assignment PIN_65 -to SDRAM_ADDR[0]
set_location_assignment PIN_64 -to SDRAM_ADDR[10]
set_location_assignment PIN_75 -to SDRAM_UDQM
set_location_assignment PIN_76 -to SDRAM_CKE
set_location_assignment PIN_60 -to SDRAM_BA_1
set_location_assignment PIN_59 -to SDRAM_BA_0
set_location_assignment PIN_58 -to SDRAM_CS_N
set_location_assignment PIN_57 -to SDRAM_RAS_N
set_location_assignment PIN_56 -to SDRAM_CLK
set_location_assignment PIN_55 -to SDRAM_CAS_N
set_location_assignment PIN_52 -to SDRAM_WE_N
set_location_assignment PIN_50 -to SDRAM_LDQM
set_location_assignment PIN_47 -to SDRAM_DQ[6]
set_location_assignment PIN_46 -to SDRAM_DQ[5]
set_location_assignment PIN_45 -to SDRAM_DQ[4]
set_location_assignment PIN_44 -to SDRAM_DQ[3]
set_location_assignment PIN_43 -to SDRAM_DQ[2]
set_location_assignment PIN_41 -to SDRAM_DQ[1]
set_location_assignment PIN_39 -to SDRAM_DQ[0]
set_location_assignment PIN_38 -to SDRAM_DQ[8]
set_location_assignment PIN_48 -to SDRAM_DQ[7]
set_location_assignment PIN_30 -to SDRAM_DQ[11]
set_location_assignment PIN_33 -to SDRAM_DQ[9]
set_location_assignment PIN_32 -to SDRAM_DQ[10]
set_location_assignment PIN_29 -to SDRAM_DQ[12]
set_location_assignment PIN_28 -to SDRAM_DQ[13]
set_location_assignment PIN_27 -to SDRAM_DQ[14]
set_location_assignment PIN_26 -to SDRAM_DQ[15]

# DIO
##set_location_assignment PIN_114 -to DIGITAL_IO[8]
##set_location_assignment PIN_113 -to DIGITAL_IO[9]
##set_location_assignment PIN_80 -to DIGITAL_IO[23]
##set_location_assignment PIN_66 -to DIGITAL_IO[24]
##set_location_assignment PIN_135 -to DIGITAL_IO[26]
##set_location_assignment PIN_120 -to DIGITAL_IO[10]
##set_location_assignment PIN_14 -to DIGITAL_IO[7]
##set_location_assignment PIN_13 -to DIGITAL_IO[6]
##set_location_assignment PIN_12 -to DIGITAL_IO[5]
##set_location_assignment PIN_11 -to DIGITAL_IO[4]
##set_location_assignment PIN_10 -to DIGITAL_IO[3]
##set_location_assignment PIN_8 -to DIGITAL_IO[2]
##set_location_assignment PIN_7 -to DIGITAL_IO[1]
##set_location_assignment PIN_6 -to DIGITAL_IO[0]
##set_location_assignment PIN_101 -to DIGITAL_IO[12]
##set_location_assignment PIN_99 -to DIGITAL_IO[13]
##set_location_assignment PIN_131 -to DIGITAL_IO[14]
##set_location_assignment PIN_93 -to DIGITAL_IO[18]
##set_location_assignment PIN_61 -to DIGITAL_IO[27]
##set_location_assignment PIN_62 -to DIGITAL_IO[25]
##set_location_assignment PIN_88 -to DIGITAL_IO[22]
##set_location_assignment PIN_96 -to DIGITAL_IO[17]
##set_location_assignment PIN_98 -to DIGITAL_IO[15]
##set_location_assignment PIN_97 -to DIGITAL_IO[16]
##set_location_assignment PIN_92 -to DIGITAL_IO[19]
##set_location_assignment PIN_91 -to DIGITAL_IO[20]
##set_location_assignment PIN_89 -to DIGITAL_IO[21]
##set_location_assignment PIN_112 -to DIGITAL_IO[11]


#set_location_assignment PIN_114 -to SDRAM_ADDR[5]
#set_location_assignment PIN_113 -to SDRAM_ADDR[4]
#set_location_assignment PIN_80  -to SDRAM_ADDR[7]
#set_location_assignment PIN_66  -to SDRAM_ADDR[6]
#set_location_assignment PIN_135 -to SDRAM_ADDR[8]
#set_location_assignment PIN_120 -to SDRAM_ADDR[11]
#set_location_assignment PIN_14  -to SDRAM_ADDR[9]
#set_location_assignment PIN_13  -to SDRAM_ADDR[3]
#set_location_assignment PIN_12  -to SDRAM_ADDR[2]
#set_location_assignment PIN_11  -to SDRAM_ADDR[1]
#set_location_assignment PIN_10  -to SDRAM_ADDR[0]
#set_location_assignment PIN_8 -to SDRAM_ADDR[10]
#set_location_assignment PIN_80 -to SDRAM_UDQM
#set_location_assignment PIN_66 -to SDRAM_CKE
#set_location_assignment PIN_135 -to SDRAM_BA_1
#set_location_assignment PIN_120 -to SDRAM_BA_0
#set_location_assignment PIN_14 -to SDRAM_CS_N
#set_location_assignment PIN_13 -to SDRAM_RAS_N
#set_location_assignment PIN_12 -to SDRAM_CLK
#set_location_assignment PIN_11 -to SDRAM_CAS_N
#set_location_assignment PIN_10 -to SDRAM_WE_N
#set_location_assignment PIN_8 -to SDRAM_LDQM
#set_location_assignment PIN_7 -to SDRAM_DQ[6]
#set_location_assignment PIN_6 -to SDRAM_DQ[5]
#set_location_assignment PIN_101 -to SDRAM_DQ[4]
#set_location_assignment PIN_99 -to SDRAM_DQ[3]
#set_location_assignment PIN_131 -to SDRAM_DQ[2]
#set_location_assignment PIN_93 -to SDRAM_DQ[1]
#set_location_assignment PIN_61 -to SDRAM_DQ[0]
#set_location_assignment PIN_62 -to SDRAM_DQ[8]
#set_location_assignment PIN_88 -to SDRAM_DQ[7]
#set_location_assignment PIN_96 -to SDRAM_DQ[11]
#set_location_assignment PIN_98 -to SDRAM_DQ[9]
#set_location_assignment PIN_97 -to SDRAM_DQ[10]
#set_location_assignment PIN_92 -to SDRAM_DQ[12]
#set_location_assignment PIN_91 -to SDRAM_DQ[13]
#set_location_assignment PIN_89 -to SDRAM_DQ[14]
#set_location_assignment PIN_112 -to SDRAM_DQ[15]


# FLASH
set_location_assignment PIN_54 -to FLASH_DATA[3]
set_location_assignment PIN_17 -to FLASH_DATA[2]
set_location_assignment PIN_22 -to FLASH_DATA[1]
set_location_assignment PIN_24 -to FLASH_DATA[0]
set_location_assignment PIN_21 -to FLASH_DCLK
set_location_assignment PIN_25 -to FLASH_nCS[0]


set_location_assignment PIN_123 -to SW_TACT[1]
set_location_assignment PIN_130 -to SW_TACT[0]
set_location_assignment PIN_127 -to LED[1]
set_location_assignment PIN_124 -to LED[0]
set_location_assignment PIN_140 -to UART_RXD
set_location_assignment PIN_141 -to UART_TXD



set_global_assignment -name CRC_ERROR_OPEN_DRAIN OFF
set_global_assignment -name ENABLE_OCT_DONE ON
set_global_assignment -name EXTERNAL_FLASH_FALLBACK_ADDRESS 00000000
set_global_assignment -name INTERNAL_FLASH_UPDATE_MODE "SINGLE IMAGE"
set_global_assignment -name OUTPUT_IO_TIMING_FAR_END_VMEAS "HALF SIGNAL SWING" -fall
set_global_assignment -name OUTPUT_IO_TIMING_FAR_END_VMEAS "HALF SIGNAL SWING" -rise
set_global_assignment -name OUTPUT_IO_TIMING_NEAR_END_VMEAS "HALF VCCIO" -fall
set_global_assignment -name OUTPUT_IO_TIMING_NEAR_END_VMEAS "HALF VCCIO" -rise
set_global_assignment -name USE_CONFIGURATION_DEVICE OFF
set_global_assignment -name STRATIX_DEVICE_IO_STANDARD "3.3-V LVTTL"
set_global_assignment -name PARTITION_NETLIST_TYPE SOURCE -section_id Top
set_global_assignment -name PARTITION_FITTER_PRESERVATION_LEVEL PLACEMENT_AND_ROUTING -section_id Top
set_global_assignment -name PARTITION_COLOR 16764057 -section_id Top
set_instance_assignment -name IO_STANDARD "3.3-V LVTTL" -to dvi_clock_n
set_instance_assignment -name IO_STANDARD "3.3-V LVTTL" -to dvi_clock_p
set_instance_assignment -name IO_STANDARD "3.3-V LVTTL" -to dvi_data0_n
set_instance_assignment -name IO_STANDARD "3.3-V LVTTL" -to dvi_data0_p
set_instance_assignment -name IO_STANDARD "3.3-V LVTTL" -to dvi_data1_n
set_instance_assignment -name IO_STANDARD "3.3-V LVTTL" -to dvi_data1_p
set_instance_assignment -name IO_STANDARD "3.3-V LVTTL" -to dvi_data2_n
set_instance_assignment -name IO_STANDARD "3.3-V LVTTL" -to dvi_data2_p
set_instance_assignment -name IO_STANDARD "3.3-V LVTTL" -to clk_in
set_instance_assignment -name IO_STANDARD "3.3-V LVTTL" -to SDRAM_ADDR[5]
set_instance_assignment -name IO_STANDARD "3.3-V LVTTL" -to SDRAM_ADDR[4]
set_instance_assignment -name IO_STANDARD "3.3-V LVTTL" -to SDRAM_ADDR[7]
set_instance_assignment -name IO_STANDARD "3.3-V LVTTL" -to SDRAM_ADDR[6]
set_instance_assignment -name IO_STANDARD "3.3-V LVTTL" -to SDRAM_ADDR[8]
set_instance_assignment -name IO_STANDARD "3.3-V LVTTL" -to SW_TACT[1]
set_instance_assignment -name IO_STANDARD "3.3-V LVTTL" -to SDRAM_ADDR[11]
set_instance_assignment -name IO_STANDARD "3.3-V LVTTL" -to SDRAM_ADDR[9]
set_instance_assignment -name IO_STANDARD "3.3-V LVTTL" -to SDRAM_CKE
#set_instance_assignment -name IO_STANDARD "3.3-V LVTTL" -to SDRAM_ADDR[12]
set_instance_assignment -name IO_STANDARD "3.3-V LVTTL" -to SDRAM_ADDR[3]
set_instance_assignment -name IO_STANDARD "3.3-V LVTTL" -to SDRAM_UDQM
set_instance_assignment -name IO_STANDARD "3.3-V LVTTL" -to SDRAM_ADDR[2]
set_instance_assignment -name IO_STANDARD "3.3-V LVTTL" -to SDRAM_ADDR[1]
set_instance_assignment -name IO_STANDARD "3.3-V LVTTL" -to SDRAM_ADDR[0]
set_instance_assignment -name IO_STANDARD "3.3-V LVTTL" -to SDRAM_ADDR[10]
set_instance_assignment -name IO_STANDARD "3.3-V LVTTL" -to SDRAM_BA_1
set_instance_assignment -name IO_STANDARD "3.3-V LVTTL" -to SDRAM_BA_0
set_instance_assignment -name IO_STANDARD "3.3-V LVTTL" -to SDRAM_CS_N
set_instance_assignment -name IO_STANDARD "3.3-V LVTTL" -to SDRAM_RAS_N
set_instance_assignment -name IO_STANDARD "3.3-V LVTTL" -to SDRAM_CLK
set_instance_assignment -name IO_STANDARD "3.3-V LVTTL" -to SDRAM_CAS_N
set_instance_assignment -name IO_STANDARD "3.3-V LVTTL" -to SDRAM_WE_N
set_instance_assignment -name IO_STANDARD "3.3-V LVTTL" -to SDRAM_LDQM
set_instance_assignment -name IO_STANDARD "3.3-V LVTTL" -to SDRAM_DQ[6]
set_instance_assignment -name IO_STANDARD "3.3-V LVTTL" -to SDRAM_DQ[5]
set_instance_assignment -name IO_STANDARD "3.3-V LVTTL" -to SDRAM_DQ[4]
set_instance_assignment -name IO_STANDARD "3.3-V LVTTL" -to SDRAM_DQ[3]
set_instance_assignment -name IO_STANDARD "3.3-V LVTTL" -to SDRAM_DQ[2]
set_instance_assignment -name IO_STANDARD "3.3-V LVTTL" -to SDRAM_DQ[1]
set_instance_assignment -name IO_STANDARD "3.3-V LVTTL" -to SDRAM_DQ[0]
set_instance_assignment -name IO_STANDARD "3.3-V LVTTL" -to SDRAM_DQ[8]
set_instance_assignment -name IO_STANDARD "3.3-V LVTTL" -to SDRAM_DQ[7]
set_instance_assignment -name IO_STANDARD "3.3-V LVTTL" -to SDRAM_DQ[11]
set_instance_assignment -name IO_STANDARD "3.3-V LVTTL" -to SDRAM_DQ[9]
set_instance_assignment -name IO_STANDARD "3.3-V LVTTL" -to SDRAM_DQ[10]
set_instance_assignment -name IO_STANDARD "3.3-V LVTTL" -to SDRAM_DQ[12]
set_instance_assignment -name IO_STANDARD "3.3-V LVTTL" -to SDRAM_DQ[13]
set_instance_assignment -name IO_STANDARD "3.3-V LVTTL" -to SDRAM_DQ[14]
set_instance_assignment -name IO_STANDARD "3.3-V LVTTL" -to SDRAM_DQ[15]
set_instance_assignment -name IO_STANDARD "3.3-V LVTTL" -to SW_TACT[0]
set_instance_assignment -name IO_STANDARD "3.3-V LVTTL" -to LED[1]
set_instance_assignment -name IO_STANDARD "3.3-V LVTTL" -to LED[0]
set_instance_assignment -name IO_STANDARD "3.3-V LVTTL" -to FLASH_DCLK
set_instance_assignment -name IO_STANDARD "3.3-V LVTTL" -to FLASH_nCS[0]
set_instance_assignment -name IO_STANDARD "3.3-V LVTTL" -to FLASH_DATA[3]
set_instance_assignment -name IO_STANDARD "3.3-V LVTTL" -to FLASH_DATA[2]
set_instance_assignment -name IO_STANDARD "3.3-V LVTTL" -to FLASH_DATA[1]
set_instance_assignment -name IO_STANDARD "3.3-V LVTTL" -to FLASH_DATA[0]
set_instance_assignment -name IO_STANDARD "3.3-V LVTTL" -to UART_RXD
set_instance_assignment -name IO_STANDARD "3.3-V LVTTL" -to UART_TXD
set_instance_assignment -name CURRENT_STRENGTH_NEW "MAXIMUM CURRENT" -to dvi_clock_n
set_instance_assignment -name CURRENT_STRENGTH_NEW "MAXIMUM CURRENT" -to dvi_clock_p
set_instance_assignment -name CURRENT_STRENGTH_NEW "MAXIMUM CURRENT" -to dvi_data0_n
set_instance_assignment -name CURRENT_STRENGTH_NEW "MAXIMUM CURRENT" -to dvi_data0_p
set_instance_assignment -name CURRENT_STRENGTH_NEW "MAXIMUM CURRENT" -to dvi_data1_n
set_instance_assignment -name CURRENT_STRENGTH_NEW "MAXIMUM CURRENT" -to dvi_data1_p
set_instance_assignment -name CURRENT_STRENGTH_NEW "MAXIMUM CURRENT" -to dvi_data2_n
set_instance_assignment -name CURRENT_STRENGTH_NEW "MAXIMUM CURRENT" -to dvi_data2_p
set_instance_assignment -name IO_STANDARD "3.3-V LVTTL" -to altera_reserved_tck
set_instance_assignment -name IO_STANDARD "3.3-V LVTTL" -to altera_reserved_tdi
set_instance_assignment -name IO_STANDARD "3.3-V LVTTL" -to altera_reserved_tdo
set_instance_assignment -name IO_STANDARD "3.3-V LVTTL" -to altera_reserved_tms
set_global_assignment -name ENABLE_SIGNALTAP OFF
set_global_assignment -name USE_SIGNALTAP_FILE output_files/stp1.stp
set_global_assignment -name QIP_FILE Software/test2/mem_init/meminit.qip
set_global_assignment -name QSYS_FILE NIOS_CPU.qsys
set_global_assignment -name VHDL_FILE pll_video_vga.vhd
set_global_assignment -name VHDL_FILE pll_video_hd.vhd
set_global_assignment -name VHDL_FILE ddio_out.vhd -library ddio_out
set_global_assignment -name QIP_FILE pll_video_vga.qip
set_global_assignment -name QIP_FILE pll_video_hd.qip
set_global_assignment -name QIP_FILE ddio_out.qip
set_global_assignment -name VHDL_FILE ../RTL/vga_syncgen.vhd
set_global_assignment -name VHDL_FILE ../RTL/tmds_encoder.vhd
set_global_assignment -name VHDL_FILE ../RTL/PRJ_TOP.vhd
set_global_assignment -name VHDL_FILE ../RTL/pll_video_vga.vhd
set_global_assignment -name VHDL_FILE ../RTL/pll_video_hd.vhd
set_global_assignment -name VHDL_FILE ../RTL/pdiff_transmitter.vhd
set_global_assignment -name VHDL_FILE ../RTL/dvi_tx_pdiff.vhd
set_global_assignment -name VHDL_FILE ../RTL/ddio_out.vhd
set_global_assignment -name SDC_FILE SDC1.sdc
set_global_assignment -name QIP_FILE pll_video_sd.qip
set_global_assignment -name SIGNALTAP_FILE output_files/stp1.stp
set_instance_assignment -name PARTITION_HIERARCHY root_partition -to | -section_id Top